
Microsoft Visual Studio Solution File, Format Version 12.00
# Visual Studio 15
Project("{FAE04EC0-301F-11D3-BF4B-00C04F79EFBC}") = "Assembly-CSharp", "Assembly-CSharp.csproj", "{4315EEF0-F92D-29BA-D9EB-F937D0A6AD3C}"
EndProject
Project("{FAE04EC0-301F-11D3-BF4B-00C04F79EFBC}") = "Assembly-CSharp-Editor", "Assembly-CSharp-Editor.csproj", "{6D359B3A-62E1-EC0F-4351-D12E1130C1F8}"
EndProject
Global
	GlobalSection(SolutionConfigurationPlatforms) = preSolution
		Debug|Any CPU = Debug|Any CPU
		Release|Any CPU = Release|Any CPU
	EndGlobalSection
	GlobalSection(ProjectConfigurationPlatforms) = postSolution
		{4315EEF0-F92D-29BA-D9EB-F937D0A6AD3C}.Debug|Any CPU.ActiveCfg = Debug|Any CPU
		{4315EEF0-F92D-29BA-D9EB-F937D0A6AD3C}.Debug|Any CPU.Build.0 = Debug|Any CPU
		{4315EEF0-F92D-29BA-D9EB-F937D0A6AD3C}.Release|Any CPU.ActiveCfg = Release|Any CPU
		{4315EEF0-F92D-29BA-D9EB-F937D0A6AD3C}.Release|Any CPU.Build.0 = Release|Any CPU
		{6D359B3A-62E1-EC0F-4351-D12E1130C1F8}.Debug|Any CPU.ActiveCfg = Debug|Any CPU
		{6D359B3A-62E1-EC0F-4351-D12E1130C1F8}.Debug|Any CPU.Build.0 = Debug|Any CPU
		{6D359B3A-62E1-EC0F-4351-D12E1130C1F8}.Release|Any CPU.ActiveCfg = Release|Any CPU
		{6D359B3A-62E1-EC0F-4351-D12E1130C1F8}.Release|Any CPU.Build.0 = Release|Any CPU
	EndGlobalSection
	GlobalSection(SolutionProperties) = preSolution
		HideSolutionNode = FALSE
	EndGlobalSection
EndGlobal
